<?xml version="1.0" encoding="UTF-8"?>
<Scheme
   LastUpgradeVersion = "0500"
   version = "1.7">
   <BuildAction
      parallelizeBuildables = "YES"
      buildImplicitDependencies = "YES">
      <BuildActionEntries>
         <BuildActionEntry
            buildForTesting = "YES"
            buildForRunning = "YES"
            buildForProfiling = "YES"
            buildForArchiving = "YES"
            buildForAnalyzing = "YES">
            <BuildableReference
               BuildableIdentifier = "primary"
               BlueprintIdentifier = "9C77573D176B6E9D005E57CC"
               BuildableName = "aliclang"
               BlueprintName = "aliclang"
               ReferencedContainer = "container:ClangInstrumentationPlugin.xcodeproj">
            </BuildableReference>
         </BuildActionEntry>
      </BuildActionEntries>
   </BuildAction>
   <TestAction
      selectedDebuggerIdentifier = "Xcode.DebuggerFoundation.Debugger.LLDB"
      selectedLauncherIdentifier = "Xcode.DebuggerFoundation.Launcher.LLDB"
      shouldUseLaunchSchemeArgsEnv = "YES"
      buildConfiguration = "Debug">
      <Testables>
      </Testables>
      <MacroExpansion>
         <BuildableReference
            BuildableIdentifier = "primary"
            BlueprintIdentifier = "9C77573D176B6E9D005E57CC"
            BuildableName = "aliclang"
            BlueprintName = "aliclang"
            ReferencedContainer = "container:ClangInstrumentationPlugin.xcodeproj">
         </BuildableReference>
      </MacroExpansion>
   </TestAction>
   <LaunchAction
      selectedDebuggerIdentifier = "Xcode.DebuggerFoundation.Debugger.LLDB"
      selectedLauncherIdentifier = "Xcode.DebuggerFoundation.Launcher.LLDB"
      launchStyle = "0"
      useCustomWorkingDirectory = "NO"
      buildConfiguration = "Debug"
      ignoresPersistentStateOnLaunch = "NO"
      debugDocumentVersioning = "YES"
      allowLocationSimulation = "YES">
      <PostActions>
         <ExecutionAction
            ActionType = "Xcode.IDEStandardExecutionActionsCore.ExecutionActionType.ShellScriptAction">
            <ActionContent
               title = "Run Script"
               scriptText = "/Users/alasdairmorrison/Dropbox/projects/clangparsing/ClangInstrumentationPlugin/fakeclang.sh -c &quot;/Users/alasdairmorrison/Dropbox/projects/clangparsing/ClangInstrumentationPlugin/test.cpp&quot; -o &quot;/Users/alasdairmorrison/Dropbox/projects/clangparsing/ClangInstrumentationPlugin/test.o&quot;&#10;/Users/alasdairmorrison/Dropbox/projects/clangparsing/ClangInstrumentationPlugin/fakeclang.sh /Users/alasdairmorrison/Dropbox/projects/clangparsing/ClangInstrumentationPlugin/test.o -otest"
               shellToInvoke = "/bin/sh">
               <EnvironmentBuildable>
                  <BuildableReference
                     BuildableIdentifier = "primary"
                     BlueprintIdentifier = "9C77573D176B6E9D005E57CC"
                     BuildableName = "aliclang"
                     BlueprintName = "aliclang"
                     ReferencedContainer = "container:ClangInstrumentationPlugin.xcodeproj">
                  </BuildableReference>
               </EnvironmentBuildable>
            </ActionContent>
         </ExecutionAction>
      </PostActions>
      <BuildableProductRunnable>
         <BuildableReference
            BuildableIdentifier = "primary"
            BlueprintIdentifier = "9C77573D176B6E9D005E57CC"
            BuildableName = "aliclang"
            BlueprintName = "aliclang"
            ReferencedContainer = "container:ClangInstrumentationPlugin.xcodeproj">
         </BuildableReference>
      </BuildableProductRunnable>
      <CommandLineArguments>
         <CommandLineArgument
            argument = "-isysroot &quot;/Applications/Xcode5-DP3.app/Contents/Developer/Platforms/MacOSX.platform/Developer/SDKs/MacOSX10.9.sdk&quot;"
            isEnabled = "NO">
         </CommandLineArgument>
         <CommandLineArgument
            argument = "/Users/alasdairmorrison/Dropbox/projects/clangparsing/ClangInstrumentationPlugin/Runtime/log_functions.cpp"
            isEnabled = "NO">
         </CommandLineArgument>
         <CommandLineArgument
            argument = "/Users/alasdairmorrison/Dropbox/projects/clangparsing/ClangInstrumentationPlugin/test.cpp"
            isEnabled = "NO">
         </CommandLineArgument>
      </CommandLineArguments>
      <AdditionalOptions>
      </AdditionalOptions>
   </LaunchAction>
   <ProfileAction
      shouldUseLaunchSchemeArgsEnv = "YES"
      savedToolIdentifier = ""
      useCustomWorkingDirectory = "NO"
      buildConfiguration = "Release"
      debugDocumentVersioning = "YES">
      <BuildableProductRunnable>
         <BuildableReference
            BuildableIdentifier = "primary"
            BlueprintIdentifier = "9C77573D176B6E9D005E57CC"
            BuildableName = "aliclang"
            BlueprintName = "aliclang"
            ReferencedContainer = "container:ClangInstrumentationPlugin.xcodeproj">
         </BuildableReference>
      </BuildableProductRunnable>
   </ProfileAction>
   <AnalyzeAction
      buildConfiguration = "Debug">
   </AnalyzeAction>
   <ArchiveAction
      buildConfiguration = "Release"
      revealArchiveInOrganizer = "YES">
   </ArchiveAction>
</Scheme>
